
Microsoft Visual Studio Solution File, Format Version 12.00
# Visual Studio Version 17
VisualStudioVersion = 17.12.35728.132 d17.12
MinimumVisualStudioVersion = 10.0.40219.1
Project("{FAE04EC0-301F-11D3-BF4B-00C04F79EFBC}") = "CRM.API", "CRM.API\CRM.API.csproj", "{D6BE0CAA-CDF2-49EF-909A-A890AF50DFB8}"
EndProject
Project("{FAE04EC0-301F-11D3-BF4B-00C04F79EFBC}") = "CRMBlazor", "CRMBlazor\CRMBlazor.csproj", "{653DA8AC-5929-40A4-BE31-EC4082F58F2D}"
EndProject
Project("{FAE04EC0-301F-11D3-BF4B-00C04F79EFBC}") = "CMRUtiliy", "CMRUtiliy\CMRUtiliy.csproj", "{42C96DC1-2D67-4E43-A2C7-B638DDC95E0F}"
EndProject
Project("{FAE04EC0-301F-11D3-BF4B-00C04F79EFBC}") = "CMRModel", "CMRModel\CMRModel.csproj", "{ABD18F70-24EB-432F-90F5-FA52E1122634}"
EndProject
Project("{FAE04EC0-301F-11D3-BF4B-00C04F79EFBC}") = "DataAccess", "DataAccess\DataAccess.csproj", "{3138BC00-21B6-4AD8-9A59-CF90772135B5}"
EndProject
Project("{FAE04EC0-301F-11D3-BF4B-00C04F79EFBC}") = "CMRService", "CMRService\CMRService.csproj", "{277C2F3A-AEE3-4FCA-B611-EF0B0CA333BB}"
EndProject
Global
	GlobalSection(SolutionConfigurationPlatforms) = preSolution
		Debug|Any CPU = Debug|Any CPU
		Release|Any CPU = Release|Any CPU
	EndGlobalSection
	GlobalSection(ProjectConfigurationPlatforms) = postSolution
		{D6BE0CAA-CDF2-49EF-909A-A890AF50DFB8}.Debug|Any CPU.ActiveCfg = Debug|Any CPU
		{D6BE0CAA-CDF2-49EF-909A-A890AF50DFB8}.Debug|Any CPU.Build.0 = Debug|Any CPU
		{D6BE0CAA-CDF2-49EF-909A-A890AF50DFB8}.Release|Any CPU.ActiveCfg = Release|Any CPU
		{D6BE0CAA-CDF2-49EF-909A-A890AF50DFB8}.Release|Any CPU.Build.0 = Release|Any CPU
		{653DA8AC-5929-40A4-BE31-EC4082F58F2D}.Debug|Any CPU.ActiveCfg = Debug|Any CPU
		{653DA8AC-5929-40A4-BE31-EC4082F58F2D}.Debug|Any CPU.Build.0 = Debug|Any CPU
		{653DA8AC-5929-40A4-BE31-EC4082F58F2D}.Release|Any CPU.ActiveCfg = Release|Any CPU
		{653DA8AC-5929-40A4-BE31-EC4082F58F2D}.Release|Any CPU.Build.0 = Release|Any CPU
		{42C96DC1-2D67-4E43-A2C7-B638DDC95E0F}.Debug|Any CPU.ActiveCfg = Debug|Any CPU
		{42C96DC1-2D67-4E43-A2C7-B638DDC95E0F}.Debug|Any CPU.Build.0 = Debug|Any CPU
		{42C96DC1-2D67-4E43-A2C7-B638DDC95E0F}.Release|Any CPU.ActiveCfg = Release|Any CPU
		{42C96DC1-2D67-4E43-A2C7-B638DDC95E0F}.Release|Any CPU.Build.0 = Release|Any CPU
		{ABD18F70-24EB-432F-90F5-FA52E1122634}.Debug|Any CPU.ActiveCfg = Debug|Any CPU
		{ABD18F70-24EB-432F-90F5-FA52E1122634}.Debug|Any CPU.Build.0 = Debug|Any CPU
		{ABD18F70-24EB-432F-90F5-FA52E1122634}.Release|Any CPU.ActiveCfg = Release|Any CPU
		{ABD18F70-24EB-432F-90F5-FA52E1122634}.Release|Any CPU.Build.0 = Release|Any CPU
		{3138BC00-21B6-4AD8-9A59-CF90772135B5}.Debug|Any CPU.ActiveCfg = Debug|Any CPU
		{3138BC00-21B6-4AD8-9A59-CF90772135B5}.Debug|Any CPU.Build.0 = Debug|Any CPU
		{3138BC00-21B6-4AD8-9A59-CF90772135B5}.Release|Any CPU.ActiveCfg = Release|Any CPU
		{3138BC00-21B6-4AD8-9A59-CF90772135B5}.Release|Any CPU.Build.0 = Release|Any CPU
		{277C2F3A-AEE3-4FCA-B611-EF0B0CA333BB}.Debug|Any CPU.ActiveCfg = Debug|Any CPU
		{277C2F3A-AEE3-4FCA-B611-EF0B0CA333BB}.Debug|Any CPU.Build.0 = Debug|Any CPU
		{277C2F3A-AEE3-4FCA-B611-EF0B0CA333BB}.Release|Any CPU.ActiveCfg = Release|Any CPU
		{277C2F3A-AEE3-4FCA-B611-EF0B0CA333BB}.Release|Any CPU.Build.0 = Release|Any CPU
	EndGlobalSection
	GlobalSection(SolutionProperties) = preSolution
		HideSolutionNode = FALSE
	EndGlobalSection
EndGlobal
